hash: a1e446bd30fc9bc4f5cf68e17294486098c4db65c0d164403c85d70ed9bdfabe
updated: 2016-05-12T23:21:10.726946955+02:00
imports:
- name: github.com/blang/semver
  version: aea32c919a18e5ef4537bbd283ff29594b1b0165
- name: github.com/juju/errors
  version: b2c7a7da5b2995941048f60146e67702a292e468
- name: github.com/libgit2/git2go
  version: 8eaae73f85dd3df78df80d2dac066eb0866444ae
devImports: []
